
Microsoft Visual Studio Solution File, Format Version 12.00
# Visual Studio Version 16
VisualStudioVersion = 16.0.33423.256
MinimumVisualStudioVersion = 10.0.40219.1
Project("{FAE04EC0-301F-11D3-BF4B-00C04F79EFBC}") = "lab3_3", "lab3_3\lab3_3.csproj", "{225232D6-92CE-4F6B-AA32-A4C4191AEFD6}"
EndProject
Global
	GlobalSection(SolutionConfigurationPlatforms) = preSolution
		Debug|Any CPU = Debug|Any CPU
		Release|Any CPU = Release|Any CPU
	EndGlobalSection
	GlobalSection(ProjectConfigurationPlatforms) = postSolution
		{225232D6-92CE-4F6B-AA32-A4C4191AEFD6}.Debug|Any CPU.ActiveCfg = Debug|Any CPU
		{225232D6-92CE-4F6B-AA32-A4C4191AEFD6}.Debug|Any CPU.Build.0 = Debug|Any CPU
		{225232D6-92CE-4F6B-AA32-A4C4191AEFD6}.Release|Any CPU.ActiveCfg = Release|Any CPU
		{225232D6-92CE-4F6B-AA32-A4C4191AEFD6}.Release|Any CPU.Build.0 = Release|Any CPU
	EndGlobalSection
	GlobalSection(SolutionProperties) = preSolution
		HideSolutionNode = FALSE
	EndGlobalSection
	GlobalSection(ExtensibilityGlobals) = postSolution
		SolutionGuid = {FFF2F4E5-603F-471D-B21D-62FBB1D16FFE}
	EndGlobalSection
EndGlobal
